
Microsoft Visual Studio Solution File, Format Version 12.00
# Visual Studio 15
VisualStudioVersion = 15.0.28307.572
MinimumVisualStudioVersion = 10.0.40219.1
Project("{FAE04EC0-301F-11D3-BF4B-00C04F79EFBC}") = "EFDbFirstApproachExample", "EFDbFirstApproachExample\EFDbFirstApproachExample.csproj", "{B55F95C4-E1CA-43DF-991B-DD656B1196EE}"
EndProject
Global
	GlobalSection(SolutionConfigurationPlatforms) = preSolution
		Debug|Any CPU = Debug|Any CPU
		Release|Any CPU = Release|Any CPU
	EndGlobalSection
	GlobalSection(ProjectConfigurationPlatforms) = postSolution
		{B55F95C4-E1CA-43DF-991B-DD656B1196EE}.Debug|Any CPU.ActiveCfg = Debug|Any CPU
		{B55F95C4-E1CA-43DF-991B-DD656B1196EE}.Debug|Any CPU.Build.0 = Debug|Any CPU
		{B55F95C4-E1CA-43DF-991B-DD656B1196EE}.Release|Any CPU.ActiveCfg = Release|Any CPU
		{B55F95C4-E1CA-43DF-991B-DD656B1196EE}.Release|Any CPU.Build.0 = Release|Any CPU
	EndGlobalSection
	GlobalSection(SolutionProperties) = preSolution
		HideSolutionNode = FALSE
	EndGlobalSection
	GlobalSection(ExtensibilityGlobals) = postSolution
		SolutionGuid = {EF290E84-7FA9-4253-B0DA-A4A30A7CAD1D}
	EndGlobalSection
EndGlobal
